
Microsoft Visual Studio Solution File, Format Version 12.00
# Visual Studio Version 17
VisualStudioVersion = 17.13.35825.156 d17.13
MinimumVisualStudioVersion = 10.0.40219.1
Project("{F184B08F-C81C-45F6-A57F-5ABD9991F28F}") = "CS28", "CS28\CS28.vbproj", "{A572B821-76E0-44B0-A70E-4A00A11FB3EE}"
EndProject
Global
	GlobalSection(SolutionConfigurationPlatforms) = preSolution
		Debug|Any CPU = Debug|Any CPU
		Release|Any CPU = Release|Any CPU
	EndGlobalSection
	GlobalSection(ProjectConfigurationPlatforms) = postSolution
		{A572B821-76E0-44B0-A70E-4A00A11FB3EE}.Debug|Any CPU.ActiveCfg = Debug|Any CPU
		{A572B821-76E0-44B0-A70E-4A00A11FB3EE}.Debug|Any CPU.Build.0 = Debug|Any CPU
		{A572B821-76E0-44B0-A70E-4A00A11FB3EE}.Release|Any CPU.ActiveCfg = Release|Any CPU
		{A572B821-76E0-44B0-A70E-4A00A11FB3EE}.Release|Any CPU.Build.0 = Release|Any CPU
	EndGlobalSection
	GlobalSection(SolutionProperties) = preSolution
		HideSolutionNode = FALSE
	EndGlobalSection
	GlobalSection(ExtensibilityGlobals) = postSolution
		SolutionGuid = {34B558A9-6C15-42BA-8E45-F7111C5A9BCB}
	EndGlobalSection
EndGlobal
