Microsoft Visual Studio Solution File, Format Version 12.00
# Visual Studio Version 17
VisualStudioVersion = 17.5.2.0
MinimumVisualStudioVersion = 10.0.40219.1
Project("{FAE04EC0-301F-11D3-BF4B-00C04F79EFBC}") = "shisokuenzan", "shisokuenzan.csproj", "{8F7971E5-BC04-7937-8259-657BED5978B0}"
EndProject
Global
	GlobalSection(SolutionConfigurationPlatforms) = preSolution
		Debug|Any CPU = Debug|Any CPU
		Release|Any CPU = Release|Any CPU
	EndGlobalSection
	GlobalSection(ProjectConfigurationPlatforms) = postSolution
		{8F7971E5-BC04-7937-8259-657BED5978B0}.Debug|Any CPU.ActiveCfg = Debug|Any CPU
		{8F7971E5-BC04-7937-8259-657BED5978B0}.Debug|Any CPU.Build.0 = Debug|Any CPU
		{8F7971E5-BC04-7937-8259-657BED5978B0}.Release|Any CPU.ActiveCfg = Release|Any CPU
		{8F7971E5-BC04-7937-8259-657BED5978B0}.Release|Any CPU.Build.0 = Release|Any CPU
	EndGlobalSection
	GlobalSection(SolutionProperties) = preSolution
		HideSolutionNode = FALSE
	EndGlobalSection
	GlobalSection(ExtensibilityGlobals) = postSolution
		SolutionGuid = {0D43245B-7953-4704-ADC1-B6992034E2A7}
	EndGlobalSection
EndGlobal
