
Microsoft Visual Studio Solution File, Format Version 12.00
# Visual Studio Version 17
VisualStudioVersion = 17.13.35825.156 d17.13
MinimumVisualStudioVersion = 10.0.40219.1
Project("{FAE04EC0-301F-11D3-BF4B-00C04F79EFBC}") = "CounterApp", "CounterApp.csproj", "{BC3E5337-76AD-49B1-85F4-AA483E345C7F}"
EndProject
Global
	GlobalSection(SolutionConfigurationPlatforms) = preSolution
		Debug|Any CPU = Debug|Any CPU
		Release|Any CPU = Release|Any CPU
	EndGlobalSection
	GlobalSection(ProjectConfigurationPlatforms) = postSolution
		{BC3E5337-76AD-49B1-85F4-AA483E345C7F}.Debug|Any CPU.ActiveCfg = Debug|Any CPU
		{BC3E5337-76AD-49B1-85F4-AA483E345C7F}.Debug|Any CPU.Build.0 = Debug|Any CPU
		{BC3E5337-76AD-49B1-85F4-AA483E345C7F}.Release|Any CPU.ActiveCfg = Release|Any CPU
		{BC3E5337-76AD-49B1-85F4-AA483E345C7F}.Release|Any CPU.Build.0 = Release|Any CPU
	EndGlobalSection
	GlobalSection(SolutionProperties) = preSolution
		HideSolutionNode = FALSE
	EndGlobalSection
	GlobalSection(ExtensibilityGlobals) = postSolution
		SolutionGuid = {7E50D853-02B6-461F-B306-F3671D83C651}
	EndGlobalSection
EndGlobal
